
Microsoft Visual Studio Solution File, Format Version 12.00
# Visual Studio Version 17
VisualStudioVersion = 17.2.32526.322
MinimumVisualStudioVersion = 10.0.40219.1
Project("{FAE04EC0-301F-11D3-BF4B-00C04F79EFBC}") = "Gioco del Tris", "Gioco del Tris.csproj", "{08D09752-5FC9-41FD-BF7B-3E30B8E0CE27}"
EndProject
Global
	GlobalSection(SolutionConfigurationPlatforms) = preSolution
		Debug|Any CPU = Debug|Any CPU
		Release|Any CPU = Release|Any CPU
	EndGlobalSection
	GlobalSection(ProjectConfigurationPlatforms) = postSolution
		{08D09752-5FC9-41FD-BF7B-3E30B8E0CE27}.Debug|Any CPU.ActiveCfg = Debug|Any CPU
		{08D09752-5FC9-41FD-BF7B-3E30B8E0CE27}.Debug|Any CPU.Build.0 = Debug|Any CPU
		{08D09752-5FC9-41FD-BF7B-3E30B8E0CE27}.Release|Any CPU.ActiveCfg = Release|Any CPU
		{08D09752-5FC9-41FD-BF7B-3E30B8E0CE27}.Release|Any CPU.Build.0 = Release|Any CPU
	EndGlobalSection
	GlobalSection(SolutionProperties) = preSolution
		HideSolutionNode = FALSE
	EndGlobalSection
	GlobalSection(ExtensibilityGlobals) = postSolution
		SolutionGuid = {451C933F-0CB8-4ACC-ACA8-A9E07BE31622}
	EndGlobalSection
EndGlobal
